{
  "name": "p-weisk/hyphenation-poc",
  "version": "0.1.0",
  "lockfileVersion": 1,
  "dependencies": {
    "hyphenation.de": {
      "version": "0.2.1",
      "resolved": "https://registry.npmjs.org/hyphenation.de/-/hyphenation.de-0.2.1.tgz",
      "integrity": "sha1-NmtKgFiExE1ZvoUbm/QCzPJOJDQ="
    },
    "hypher": {
      "version": "0.2.5",
      "resolved": "https://registry.npmjs.org/hypher/-/hypher-0.2.5.tgz",
      "integrity": "sha1-L+RW7So/1O0NnkKGFxgcWfmm3QI="
    }
  }
}
